
Microsoft Visual Studio Solution File, Format Version 12.00
# Visual Studio 14
VisualStudioVersion = 14.0.25420.1
MinimumVisualStudioVersion = 10.0.40219.1
Project("{FAE04EC0-301F-11D3-BF4B-00C04F79EFBC}") = "PrintDemo", "PrintDemo\PrintDemo.csproj", "{752E4AAB-1DFF-4EC9-BFEE-B0C4F1FFFBE6}"
EndProject
Project("{FAE04EC0-301F-11D3-BF4B-00C04F79EFBC}") = "PrintFun", "PrintFun\PrintFun.csproj", "{AFC3C7CF-6872-4961-BCA1-32F0A0A75F07}"
EndProject
Global
	GlobalSection(SolutionConfigurationPlatforms) = preSolution
		Debug|Any CPU = Debug|Any CPU
		Release|Any CPU = Release|Any CPU
	EndGlobalSection
	GlobalSection(ProjectConfigurationPlatforms) = postSolution
		{752E4AAB-1DFF-4EC9-BFEE-B0C4F1FFFBE6}.Debug|Any CPU.ActiveCfg = Debug|Any CPU
		{752E4AAB-1DFF-4EC9-BFEE-B0C4F1FFFBE6}.Debug|Any CPU.Build.0 = Debug|Any CPU
		{752E4AAB-1DFF-4EC9-BFEE-B0C4F1FFFBE6}.Release|Any CPU.ActiveCfg = Release|Any CPU
		{752E4AAB-1DFF-4EC9-BFEE-B0C4F1FFFBE6}.Release|Any CPU.Build.0 = Release|Any CPU
		{AFC3C7CF-6872-4961-BCA1-32F0A0A75F07}.Debug|Any CPU.ActiveCfg = Debug|Any CPU
		{AFC3C7CF-6872-4961-BCA1-32F0A0A75F07}.Debug|Any CPU.Build.0 = Debug|Any CPU
		{AFC3C7CF-6872-4961-BCA1-32F0A0A75F07}.Release|Any CPU.ActiveCfg = Release|Any CPU
		{AFC3C7CF-6872-4961-BCA1-32F0A0A75F07}.Release|Any CPU.Build.0 = Release|Any CPU
	EndGlobalSection
	GlobalSection(SolutionProperties) = preSolution
		HideSolutionNode = FALSE
	EndGlobalSection
EndGlobal
